// !$*UTF8*$!
{
	archiveVersion = 1;
	classes = {
	};
	objectVersion = 46;
	objects = {

/* Begin PBXBuildFile section */
		450F227818EF06BC00F6532A /* LoadableViewController.m in Sources */ = {isa = PBXBuildFile; fileRef = 450F224918EF06BC00F6532A /* LoadableViewController.m */; };
		450F227918EF06BC00F6532A /* LoadableWithSegmentedControlViewController.m in Sources */ = {isa = PBXBuildFile; fileRef = 450F224B18EF06BC00F6532A /* LoadableWithSegmentedControlViewController.m */; };
		450F227A18EF06BC00F6532A /* LoadableWithTableViewController.m in Sources */ = {isa = PBXBuildFile; fileRef = 450F224D18EF06BC00F6532A /* LoadableWithTableViewController.m */; };
		450F227B18EF06BC00F6532A /* LoadableWithTextFieldsForLoginViewController.m in Sources */ = {isa = PBXBuildFile; fileRef = 450F224F18EF06BC00F6532A /* LoadableWithTextFieldsForLoginViewController.m */; };
		450F227C18EF06BC00F6532A /* ParentViewController.m in Sources */ = {isa = PBXBuildFile; fileRef = 450F225118EF06BC00F6532A /* ParentViewController.m */; };
		450F227D18EF06BC00F6532A /* RefreshableViewController.m in Sources */ = {isa = PBXBuildFile; fileRef = 450F225318EF06BC00F6532A /* RefreshableViewController.m */; };
		450F227E18EF06BC00F6532A /* RootViewController.m in Sources */ = {isa = PBXBuildFile; fileRef = 450F225518EF06BC00F6532A /* RootViewController.m */; };
		450F227F18EF06BC00F6532A /* GeolocationManager.m in Sources */ = {isa = PBXBuildFile; fileRef = 450F225918EF06BC00F6532A /* GeolocationManager.m */; };
		450F228018EF06BC00F6532A /* ImagenGrandeViewController.m in Sources */ = {isa = PBXBuildFile; fileRef = 450F225B18EF06BC00F6532A /* ImagenGrandeViewController.m */; };
		450F228118EF06BC00F6532A /* MemoryPrinter.m in Sources */ = {isa = PBXBuildFile; fileRef = 450F225D18EF06BC00F6532A /* MemoryPrinter.m */; };
		450F228218EF06BC00F6532A /* Reachability.m in Sources */ = {isa = PBXBuildFile; fileRef = 450F225F18EF06BC00F6532A /* Reachability.m */; };
		450F228318EF06BC00F6532A /* ScreenSizeManager.m in Sources */ = {isa = PBXBuildFile; fileRef = 450F226118EF06BC00F6532A /* ScreenSizeManager.m */; };
		450F228418EF06BC00F6532A /* TratadorImagenes.m in Sources */ = {isa = PBXBuildFile; fileRef = 450F226318EF06BC00F6532A /* TratadorImagenes.m */; };
		450F228518EF06BC00F6532A /* CustomCell.m in Sources */ = {isa = PBXBuildFile; fileRef = 450F226618EF06BC00F6532A /* CustomCell.m */; };
		450F228618EF06BC00F6532A /* CustomCellAppearance.m in Sources */ = {isa = PBXBuildFile; fileRef = 450F226818EF06BC00F6532A /* CustomCellAppearance.m */; };
		450F228718EF06BC00F6532A /* CustomHeaderFooter.m in Sources */ = {isa = PBXBuildFile; fileRef = 450F226A18EF06BC00F6532A /* CustomHeaderFooter.m */; };
		450F228818EF06BC00F6532A /* CustomHeaderFooterAppearance.m in Sources */ = {isa = PBXBuildFile; fileRef = 450F226C18EF06BC00F6532A /* CustomHeaderFooterAppearance.m */; };
		450F228918EF06BC00F6532A /* CustomTableViewController.m in Sources */ = {isa = PBXBuildFile; fileRef = 450F226E18EF06BC00F6532A /* CustomTableViewController.m */; };
		450F228A18EF06BC00F6532A /* CustomTableViewEditController.m in Sources */ = {isa = PBXBuildFile; fileRef = 450F227018EF06BC00F6532A /* CustomTableViewEditController.m */; };
		450F228B18EF06BC00F6532A /* FabricaCeldas.m in Sources */ = {isa = PBXBuildFile; fileRef = 450F227218EF06BC00F6532A /* FabricaCeldas.m */; };
		450F228C18EF06BC00F6532A /* FabricaHeaderFooterSecciones.m in Sources */ = {isa = PBXBuildFile; fileRef = 450F227418EF06BC00F6532A /* FabricaHeaderFooterSecciones.m */; };
		450F228D18EF06BC00F6532A /* SectionElement.m in Sources */ = {isa = PBXBuildFile; fileRef = 450F227618EF06BC00F6532A /* SectionElement.m */; };
		450F229818EF06D000F6532A /* InfoPlist.strings in Resources */ = {isa = PBXBuildFile; fileRef = 450F228F18EF06D000F6532A /* InfoPlist.strings */; };
		450F229918EF06D000F6532A /* Localizable.strings in Resources */ = {isa = PBXBuildFile; fileRef = 450F229118EF06D000F6532A /* Localizable.strings */; };
		450F229A18EF06D000F6532A /* InfoPlist.strings in Resources */ = {isa = PBXBuildFile; fileRef = 450F229418EF06D000F6532A /* InfoPlist.strings */; };
		450F229B18EF06D000F6532A /* Localizable.strings in Resources */ = {isa = PBXBuildFile; fileRef = 450F229618EF06D000F6532A /* Localizable.strings */; };
		450F22B118EF071300F6532A /* ASIAuthenticationDialog.m in Sources */ = {isa = PBXBuildFile; fileRef = 450F229E18EF071300F6532A /* ASIAuthenticationDialog.m */; settings = {COMPILER_FLAGS = "-fno-objc-arc"; }; };
		450F22B218EF071300F6532A /* ASIDataCompressor.m in Sources */ = {isa = PBXBuildFile; fileRef = 450F22A118EF071300F6532A /* ASIDataCompressor.m */; settings = {COMPILER_FLAGS = "-fno-objc-arc"; }; };
		450F22B318EF071300F6532A /* ASIDataDecompressor.m in Sources */ = {isa = PBXBuildFile; fileRef = 450F22A318EF071300F6532A /* ASIDataDecompressor.m */; settings = {COMPILER_FLAGS = "-fno-objc-arc"; }; };
		450F22B418EF071300F6532A /* ASIDownloadCache.m in Sources */ = {isa = PBXBuildFile; fileRef = 450F22A518EF071300F6532A /* ASIDownloadCache.m */; settings = {COMPILER_FLAGS = "-fno-objc-arc"; }; };
		450F22B518EF071300F6532A /* ASIFormDataRequest.m in Sources */ = {isa = PBXBuildFile; fileRef = 450F22A718EF071300F6532A /* ASIFormDataRequest.m */; settings = {COMPILER_FLAGS = "-fno-objc-arc"; }; };
		450F22B618EF071300F6532A /* ASIHTTPRequest.m in Sources */ = {isa = PBXBuildFile; fileRef = 450F22A918EF071300F6532A /* ASIHTTPRequest.m */; settings = {COMPILER_FLAGS = "-fno-objc-arc"; }; };
		450F22B718EF071300F6532A /* ASIInputStream.m in Sources */ = {isa = PBXBuildFile; fileRef = 450F22AD18EF071300F6532A /* ASIInputStream.m */; settings = {COMPILER_FLAGS = "-fno-objc-arc"; }; };
		450F22B818EF071300F6532A /* ASINetworkQueue.m in Sources */ = {isa = PBXBuildFile; fileRef = 450F22AF18EF071300F6532A /* ASINetworkQueue.m */; settings = {COMPILER_FLAGS = "-fno-objc-arc"; }; };
		450F22BA18EF072A00F6532A /* CFNetwork.framework in Frameworks */ = {isa = PBXBuildFile; fileRef = 450F22B918EF072A00F6532A /* CFNetwork.framework */; };
		450F22BC18EF073A00F6532A /* libz.dylib in Frameworks */ = {isa = PBXBuildFile; fileRef = 450F22BB18EF073A00F6532A /* libz.dylib */; };
		450F22BE18EF074700F6532A /* MobileCoreServices.framework in Frameworks */ = {isa = PBXBuildFile; fileRef = 450F22BD18EF074700F6532A /* MobileCoreServices.framework */; };
		450F22C018EF075300F6532A /* SystemConfiguration.framework in Frameworks */ = {isa = PBXBuildFile; fileRef = 450F22BF18EF075300F6532A /* SystemConfiguration.framework */; };
		450F22C718EF092300F6532A /* AdViewController.m in Sources */ = {isa = PBXBuildFile; fileRef = 450F22C618EF092300F6532A /* AdViewController.m */; };
		450F22CA18EF0A7A00F6532A /* ContainerMainWindowViewController.m in Sources */ = {isa = PBXBuildFile; fileRef = 450F22C918EF0A7A00F6532A /* ContainerMainWindowViewController.m */; };
		450F22CE18EF149000F6532A /* OperationViewController.m in Sources */ = {isa = PBXBuildFile; fileRef = 450F22CD18EF149000F6532A /* OperationViewController.m */; };
		450F22D118EF14A200F6532A /* SumaViewController.m in Sources */ = {isa = PBXBuildFile; fileRef = 450F22D018EF14A200F6532A /* SumaViewController.m */; };
		456124BC18EF058A006D2E3A /* Foundation.framework in Frameworks */ = {isa = PBXBuildFile; fileRef = 456124BB18EF058A006D2E3A /* Foundation.framework */; };
		456124BE18EF058A006D2E3A /* CoreGraphics.framework in Frameworks */ = {isa = PBXBuildFile; fileRef = 456124BD18EF058A006D2E3A /* CoreGraphics.framework */; };
		456124C018EF058A006D2E3A /* UIKit.framework in Frameworks */ = {isa = PBXBuildFile; fileRef = 456124BF18EF058A006D2E3A /* UIKit.framework */; };
		456124C818EF058A006D2E3A /* main.m in Sources */ = {isa = PBXBuildFile; fileRef = 456124C718EF058A006D2E3A /* main.m */; };
		456124CC18EF058A006D2E3A /* AppDelegate.m in Sources */ = {isa = PBXBuildFile; fileRef = 456124CB18EF058A006D2E3A /* AppDelegate.m */; };
		456124CE18EF058A006D2E3A /* Images.xcassets in Resources */ = {isa = PBXBuildFile; fileRef = 456124CD18EF058A006D2E3A /* Images.xcassets */; };
		456124D518EF058A006D2E3A /* XCTest.framework in Frameworks */ = {isa = PBXBuildFile; fileRef = 456124D418EF058A006D2E3A /* XCTest.framework */; };
		456124D618EF058A006D2E3A /* Foundation.framework in Frameworks */ = {isa = PBXBuildFile; fileRef = 456124BB18EF058A006D2E3A /* Foundation.framework */; };
		456124D718EF058A006D2E3A /* UIKit.framework in Frameworks */ = {isa = PBXBuildFile; fileRef = 456124BF18EF058A006D2E3A /* UIKit.framework */; };
		456124DF18EF058A006D2E3A /* InfoPlist.strings in Resources */ = {isa = PBXBuildFile; fileRef = 456124DD18EF058A006D2E3A /* InfoPlist.strings */; };
		456124E118EF058A006D2E3A /* PitagorinTests.m in Sources */ = {isa = PBXBuildFile; fileRef = 456124E018EF058A006D2E3A /* PitagorinTests.m */; };
		4570FC5918FB06C00018D2F2 /* MainMenuViewController.m in Sources */ = {isa = PBXBuildFile; fileRef = 4570FC5818FB06C00018D2F2 /* MainMenuViewController.m */; };
		4570FC6418FB2BBF0018D2F2 /* Cell.m in Sources */ = {isa = PBXBuildFile; fileRef = 4570FC5D18FB2BBF0018D2F2 /* Cell.m */; };
		4570FC6518FB2BBF0018D2F2 /* CellData.m in Sources */ = {isa = PBXBuildFile; fileRef = 4570FC6018FB2BBF0018D2F2 /* CellData.m */; };
		4570FC6618FB2BBF0018D2F2 /* CollectionViewFlowLayout.m in Sources */ = {isa = PBXBuildFile; fileRef = 4570FC6318FB2BBF0018D2F2 /* CollectionViewFlowLayout.m */; };
		4570FC6D18FB48A40018D2F2 /* AddCellData.m in Sources */ = {isa = PBXBuildFile; fileRef = 4570FC6C18FB48A40018D2F2 /* AddCellData.m */; };
		4570FC7018FB51980018D2F2 /* logo.png in Resources */ = {isa = PBXBuildFile; fileRef = 4570FC6F18FB51980018D2F2 /* logo.png */; };
		4570FC7218FB52000018D2F2 /* logo@2x.png in Resources */ = {isa = PBXBuildFile; fileRef = 4570FC7118FB52000018D2F2 /* logo@2x.png */; };
		4580FA8E19004CC5005FD4C7 /* ContainerModeWindowViewController.m in Sources */ = {isa = PBXBuildFile; fileRef = 4580FA8D19004CC5005FD4C7 /* ContainerModeWindowViewController.m */; };
		4580FA9219004CE2005FD4C7 /* ModeWindowViewController.m in Sources */ = {isa = PBXBuildFile; fileRef = 4580FA9119004CE2005FD4C7 /* ModeWindowViewController.m */; };
		45CC1D5818F6CB95001E9CBE /* CountdownViewController.m in Sources */ = {isa = PBXBuildFile; fileRef = 45CC1D5718F6CB95001E9CBE /* CountdownViewController.m */; };
		45EB5C8018FC197300F9A9C6 /* RevMobAds.framework in Frameworks */ = {isa = PBXBuildFile; fileRef = 45EB5C7F18FC197300F9A9C6 /* RevMobAds.framework */; };
		45EB5C8218FC19AD00F9A9C6 /* StoreKit.framework in Frameworks */ = {isa = PBXBuildFile; fileRef = 45EB5C8118FC19AD00F9A9C6 /* StoreKit.framework */; };
		45EB5C8418FC19B700F9A9C6 /* AdSupport.framework in Frameworks */ = {isa = PBXBuildFile; fileRef = 45EB5C8318FC19B700F9A9C6 /* AdSupport.framework */; };
		45EB5C8918FC253300F9A9C6 /* addition.png in Resources */ = {isa = PBXBuildFile; fileRef = 45EB5C8518FC253300F9A9C6 /* addition.png */; };
		45EB5C8A18FC253300F9A9C6 /* addition@2x.png in Resources */ = {isa = PBXBuildFile; fileRef = 45EB5C8618FC253300F9A9C6 /* addition@2x.png */; };
		45EB5C8B18FC253300F9A9C6 /* substraction.png in Resources */ = {isa = PBXBuildFile; fileRef = 45EB5C8718FC253300F9A9C6 /* substraction.png */; };
		45EB5C8C18FC253300F9A9C6 /* substraction@2x.png in Resources */ = {isa = PBXBuildFile; fileRef = 45EB5C8818FC253300F9A9C6 /* substraction@2x.png */; };
		45EB5C8F18FC257800F9A9C6 /* SubstractCellData.m in Sources */ = {isa = PBXBuildFile; fileRef = 45EB5C8E18FC257800F9A9C6 /* SubstractCellData.m */; };
/* End PBXBuildFile section */

/* Begin PBXContainerItemProxy section */
		456124D818EF058A006D2E3A /* PBXContainerItemProxy */ = {
			isa = PBXContainerItemProxy;
			containerPortal = 456124B018EF058A006D2E3A /* Project object */;
			proxyType = 1;
			remoteGlobalIDString = 456124B718EF058A006D2E3A;
			remoteInfo = Pitagorin;
		};
/* End PBXContainerItemProxy section */

/* Begin PBXFileReference section */
		450F224818EF06BC00F6532A /* LoadableViewController.h */ = {isa = PBXFileReference; fileEncoding = 4; lastKnownFileType = sourcecode.c.h; path = LoadableViewController.h; sourceTree = "<group>"; };
		450F224918EF06BC00F6532A /* LoadableViewController.m */ = {isa = PBXFileReference; fileEncoding = 4; lastKnownFileType = sourcecode.c.objc; path = LoadableViewController.m; sourceTree = "<group>"; };
		450F224A18EF06BC00F6532A /* LoadableWithSegmentedControlViewController.h */ = {isa = PBXFileReference; fileEncoding = 4; lastKnownFileType = sourcecode.c.h; path = LoadableWithSegmentedControlViewController.h; sourceTree = "<group>"; };
		450F224B18EF06BC00F6532A /* LoadableWithSegmentedControlViewController.m */ = {isa = PBXFileReference; fileEncoding = 4; lastKnownFileType = sourcecode.c.objc; path = LoadableWithSegmentedControlViewController.m; sourceTree = "<group>"; };
		450F224C18EF06BC00F6532A /* LoadableWithTableViewController.h */ = {isa = PBXFileReference; fileEncoding = 4; lastKnownFileType = sourcecode.c.h; path = LoadableWithTableViewController.h; sourceTree = "<group>"; };
		450F224D18EF06BC00F6532A /* LoadableWithTableViewController.m */ = {isa = PBXFileReference; fileEncoding = 4; lastKnownFileType = sourcecode.c.objc; path = LoadableWithTableViewController.m; sourceTree = "<group>"; };
		450F224E18EF06BC00F6532A /* LoadableWithTextFieldsForLoginViewController.h */ = {isa = PBXFileReference; fileEncoding = 4; lastKnownFileType = sourcecode.c.h; path = LoadableWithTextFieldsForLoginViewController.h; sourceTree = "<group>"; };
		450F224F18EF06BC00F6532A /* LoadableWithTextFieldsForLoginViewController.m */ = {isa = PBXFileReference; fileEncoding = 4; lastKnownFileType = sourcecode.c.objc; path = LoadableWithTextFieldsForLoginViewController.m; sourceTree = "<group>"; };
		450F225018EF06BC00F6532A /* ParentViewController.h */ = {isa = PBXFileReference; fileEncoding = 4; lastKnownFileType = sourcecode.c.h; path = ParentViewController.h; sourceTree = "<group>"; };
		450F225118EF06BC00F6532A /* ParentViewController.m */ = {isa = PBXFileReference; fileEncoding = 4; lastKnownFileType = sourcecode.c.objc; path = ParentViewController.m; sourceTree = "<group>"; };
		450F225218EF06BC00F6532A /* RefreshableViewController.h */ = {isa = PBXFileReference; fileEncoding = 4; lastKnownFileType = sourcecode.c.h; path = RefreshableViewController.h; sourceTree = "<group>"; };
		450F225318EF06BC00F6532A /* RefreshableViewController.m */ = {isa = PBXFileReference; fileEncoding = 4; lastKnownFileType = sourcecode.c.objc; path = RefreshableViewController.m; sourceTree = "<group>"; };
		450F225418EF06BC00F6532A /* RootViewController.h */ = {isa = PBXFileReference; fileEncoding = 4; lastKnownFileType = sourcecode.c.h; path = RootViewController.h; sourceTree = "<group>"; };
		450F225518EF06BC00F6532A /* RootViewController.m */ = {isa = PBXFileReference; fileEncoding = 4; lastKnownFileType = sourcecode.c.objc; path = RootViewController.m; sourceTree = "<group>"; };
		450F225718EF06BC00F6532A /* ConstantsCustomSplitViewController.h */ = {isa = PBXFileReference; fileEncoding = 4; lastKnownFileType = sourcecode.c.h; path = ConstantsCustomSplitViewController.h; sourceTree = "<group>"; };
		450F225818EF06BC00F6532A /* GeolocationManager.h */ = {isa = PBXFileReference; fileEncoding = 4; lastKnownFileType = sourcecode.c.h; path = GeolocationManager.h; sourceTree = "<group>"; };
		450F225918EF06BC00F6532A /* GeolocationManager.m */ = {isa = PBXFileReference; fileEncoding = 4; lastKnownFileType = sourcecode.c.objc; path = GeolocationManager.m; sourceTree = "<group>"; };
		450F225A18EF06BC00F6532A /* ImagenGrandeViewController.h */ = {isa = PBXFileReference; fileEncoding = 4; lastKnownFileType = sourcecode.c.h; path = ImagenGrandeViewController.h; sourceTree = "<group>"; };
		450F225B18EF06BC00F6532A /* ImagenGrandeViewController.m */ = {isa = PBXFileReference; fileEncoding = 4; lastKnownFileType = sourcecode.c.objc; path = ImagenGrandeViewController.m; sourceTree = "<group>"; };
		450F225C18EF06BC00F6532A /* MemoryPrinter.h */ = {isa = PBXFileReference; fileEncoding = 4; lastKnownFileType = sourcecode.c.h; path = MemoryPrinter.h; sourceTree = "<group>"; };
		450F225D18EF06BC00F6532A /* MemoryPrinter.m */ = {isa = PBXFileReference; fileEncoding = 4; lastKnownFileType = sourcecode.c.objc; path = MemoryPrinter.m; sourceTree = "<group>"; };
		450F225E18EF06BC00F6532A /* Reachability.h */ = {isa = PBXFileReference; fileEncoding = 4; lastKnownFileType = sourcecode.c.h; path = Reachability.h; sourceTree = "<group>"; };
		450F225F18EF06BC00F6532A /* Reachability.m */ = {isa = PBXFileReference; fileEncoding = 4; lastKnownFileType = sourcecode.c.objc; path = Reachability.m; sourceTree = "<group>"; };
		450F226018EF06BC00F6532A /* ScreenSizeManager.h */ = {isa = PBXFileReference; fileEncoding = 4; lastKnownFileType = sourcecode.c.h; path = ScreenSizeManager.h; sourceTree = "<group>"; };
		450F226118EF06BC00F6532A /* ScreenSizeManager.m */ = {isa = PBXFileReference; fileEncoding = 4; lastKnownFileType = sourcecode.c.objc; path = ScreenSizeManager.m; sourceTree = "<group>"; };
		450F226218EF06BC00F6532A /* TratadorImagenes.h */ = {isa = PBXFileReference; fileEncoding = 4; lastKnownFileType = sourcecode.c.h; path = TratadorImagenes.h; sourceTree = "<group>"; };
		450F226318EF06BC00F6532A /* TratadorImagenes.m */ = {isa = PBXFileReference; fileEncoding = 4; lastKnownFileType = sourcecode.c.objc; path = TratadorImagenes.m; sourceTree = "<group>"; };
		450F226518EF06BC00F6532A /* CustomCell.h */ = {isa = PBXFileReference; fileEncoding = 4; lastKnownFileType = sourcecode.c.h; path = CustomCell.h; sourceTree = "<group>"; };
		450F226618EF06BC00F6532A /* CustomCell.m */ = {isa = PBXFileReference; fileEncoding = 4; lastKnownFileType = sourcecode.c.objc; path = CustomCell.m; sourceTree = "<group>"; };
		450F226718EF06BC00F6532A /* CustomCellAppearance.h */ = {isa = PBXFileReference; fileEncoding = 4; lastKnownFileType = sourcecode.c.h; path = CustomCellAppearance.h; sourceTree = "<group>"; };
		450F226818EF06BC00F6532A /* CustomCellAppearance.m */ = {isa = PBXFileReference; fileEncoding = 4; lastKnownFileType = sourcecode.c.objc; path = CustomCellAppearance.m; sourceTree = "<group>"; };
		450F226918EF06BC00F6532A /* CustomHeaderFooter.h */ = {isa = PBXFileReference; fileEncoding = 4; lastKnownFileType = sourcecode.c.h; path = CustomHeaderFooter.h; sourceTree = "<group>"; };
		450F226A18EF06BC00F6532A /* CustomHeaderFooter.m */ = {isa = PBXFileReference; fileEncoding = 4; lastKnownFileType = sourcecode.c.objc; path = CustomHeaderFooter.m; sourceTree = "<group>"; };
		450F226B18EF06BC00F6532A /* CustomHeaderFooterAppearance.h */ = {isa = PBXFileReference; fileEncoding = 4; lastKnownFileType = sourcecode.c.h; path = CustomHeaderFooterAppearance.h; sourceTree = "<group>"; };
		450F226C18EF06BC00F6532A /* CustomHeaderFooterAppearance.m */ = {isa = PBXFileReference; fileEncoding = 4; lastKnownFileType = sourcecode.c.objc; path = CustomHeaderFooterAppearance.m; sourceTree = "<group>"; };
		450F226D18EF06BC00F6532A /* CustomTableViewController.h */ = {isa = PBXFileReference; fileEncoding = 4; lastKnownFileType = sourcecode.c.h; path = CustomTableViewController.h; sourceTree = "<group>"; };
		450F226E18EF06BC00F6532A /* CustomTableViewController.m */ = {isa = PBXFileReference; fileEncoding = 4; lastKnownFileType = sourcecode.c.objc; path = CustomTableViewController.m; sourceTree = "<group>"; };
		450F226F18EF06BC00F6532A /* CustomTableViewEditController.h */ = {isa = PBXFileReference; fileEncoding = 4; lastKnownFileType = sourcecode.c.h; path = CustomTableViewEditController.h; sourceTree = "<group>"; };
		450F227018EF06BC00F6532A /* CustomTableViewEditController.m */ = {isa = PBXFileReference; fileEncoding = 4; lastKnownFileType = sourcecode.c.objc; path = CustomTableViewEditController.m; sourceTree = "<group>"; };
		450F227118EF06BC00F6532A /* FabricaCeldas.h */ = {isa = PBXFileReference; fileEncoding = 4; lastKnownFileType = sourcecode.c.h; path = FabricaCeldas.h; sourceTree = "<group>"; };
		450F227218EF06BC00F6532A /* FabricaCeldas.m */ = {isa = PBXFileReference; fileEncoding = 4; lastKnownFileType = sourcecode.c.objc; path = FabricaCeldas.m; sourceTree = "<group>"; };
		450F227318EF06BC00F6532A /* FabricaHeaderFooterSecciones.h */ = {isa = PBXFileReference; fileEncoding = 4; lastKnownFileType = sourcecode.c.h; path = FabricaHeaderFooterSecciones.h; sourceTree = "<group>"; };
		450F227418EF06BC00F6532A /* FabricaHeaderFooterSecciones.m */ = {isa = PBXFileReference; fileEncoding = 4; lastKnownFileType = sourcecode.c.objc; path = FabricaHeaderFooterSecciones.m; sourceTree = "<group>"; };
		450F227518EF06BC00F6532A /* SectionElement.h */ = {isa = PBXFileReference; fileEncoding = 4; lastKnownFileType = sourcecode.c.h; path = SectionElement.h; sourceTree = "<group>"; };
		450F227618EF06BC00F6532A /* SectionElement.m */ = {isa = PBXFileReference; fileEncoding = 4; lastKnownFileType = sourcecode.c.objc; path = SectionElement.m; sourceTree = "<group>"; };
		450F227718EF06BC00F6532A /* TVFramework.h */ = {isa = PBXFileReference; fileEncoding = 4; lastKnownFileType = sourcecode.c.h; path = TVFramework.h; sourceTree = "<group>"; };
		450F229018EF06D000F6532A /* en */ = {isa = PBXFileReference; lastKnownFileType = text.plist.strings; name = en; path = InfoPlist.strings; sourceTree = "<group>"; };
		450F229218EF06D000F6532A /* en */ = {isa = PBXFileReference; lastKnownFileType = text.plist.strings; name = en; path = Localizable.strings; sourceTree = "<group>"; };
		450F229518EF06D000F6532A /* es */ = {isa = PBXFileReference; lastKnownFileType = text.plist.strings; name = es; path = InfoPlist.strings; sourceTree = "<group>"; };
		450F229718EF06D000F6532A /* es */ = {isa = PBXFileReference; lastKnownFileType = text.plist.strings; name = es; path = Localizable.strings; sourceTree = "<group>"; };
		450F229D18EF071300F6532A /* ASIAuthenticationDialog.h */ = {isa = PBXFileReference; fileEncoding = 4; lastKnownFileType = sourcecode.c.h; path = ASIAuthenticationDialog.h; sourceTree = "<group>"; };
		450F229E18EF071300F6532A /* ASIAuthenticationDialog.m */ = {isa = PBXFileReference; fileEncoding = 4; lastKnownFileType = sourcecode.c.objc; path = ASIAuthenticationDialog.m; sourceTree = "<group>"; };
		450F229F18EF071300F6532A /* ASICacheDelegate.h */ = {isa = PBXFileReference; fileEncoding = 4; lastKnownFileType = sourcecode.c.h; path = ASICacheDelegate.h; sourceTree = "<group>"; };
		450F22A018EF071300F6532A /* ASIDataCompressor.h */ = {isa = PBXFileReference; fileEncoding = 4; lastKnownFileType = sourcecode.c.h; path = ASIDataCompressor.h; sourceTree = "<group>"; };
		450F22A118EF071300F6532A /* ASIDataCompressor.m */ = {isa = PBXFileReference; fileEncoding = 4; lastKnownFileType = sourcecode.c.objc; path = ASIDataCompressor.m; sourceTree = "<group>"; };
		450F22A218EF071300F6532A /* ASIDataDecompressor.h */ = {isa = PBXFileReference; fileEncoding = 4; lastKnownFileType = sourcecode.c.h; path = ASIDataDecompressor.h; sourceTree = "<group>"; };
		450F22A318EF071300F6532A /* ASIDataDecompressor.m */ = {isa = PBXFileReference; fileEncoding = 4; lastKnownFileType = sourcecode.c.objc; path = ASIDataDecompressor.m; sourceTree = "<group>"; };
		450F22A418EF071300F6532A /* ASIDownloadCache.h */ = {isa = PBXFileReference; fileEncoding = 4; lastKnownFileType = sourcecode.c.h; path = ASIDownloadCache.h; sourceTree = "<group>"; };
		450F22A518EF071300F6532A /* ASIDownloadCache.m */ = {isa = PBXFileReference; fileEncoding = 4; lastKnownFileType = sourcecode.c.objc; path = ASIDownloadCache.m; sourceTree = "<group>"; };
		450F22A618EF071300F6532A /* ASIFormDataRequest.h */ = {isa = PBXFileReference; fileEncoding = 4; lastKnownFileType = sourcecode.c.h; path = ASIFormDataRequest.h; sourceTree = "<group>"; };
		450F22A718EF071300F6532A /* ASIFormDataRequest.m */ = {isa = PBXFileReference; fileEncoding = 4; lastKnownFileType = sourcecode.c.objc; path = ASIFormDataRequest.m; sourceTree = "<group>"; };
		450F22A818EF071300F6532A /* ASIHTTPRequest.h */ = {isa = PBXFileReference; fileEncoding = 4; lastKnownFileType = sourcecode.c.h; path = ASIHTTPRequest.h; sourceTree = "<group>"; };
		450F22A918EF071300F6532A /* ASIHTTPRequest.m */ = {isa = PBXFileReference; fileEncoding = 4; lastKnownFileType = sourcecode.c.objc; path = ASIHTTPRequest.m; sourceTree = "<group>"; };
		450F22AA18EF071300F6532A /* ASIHTTPRequestConfig.h */ = {isa = PBXFileReference; fileEncoding = 4; lastKnownFileType = sourcecode.c.h; path = ASIHTTPRequestConfig.h; sourceTree = "<group>"; };
		450F22AB18EF071300F6532A /* ASIHTTPRequestDelegate.h */ = {isa = PBXFileReference; fileEncoding = 4; lastKnownFileType = sourcecode.c.h; path = ASIHTTPRequestDelegate.h; sourceTree = "<group>"; };
		450F22AC18EF071300F6532A /* ASIInputStream.h */ = {isa = PBXFileReference; fileEncoding = 4; lastKnownFileType = sourcecode.c.h; path = ASIInputStream.h; sourceTree = "<group>"; };
		450F22AD18EF071300F6532A /* ASIInputStream.m */ = {isa = PBXFileReference; fileEncoding = 4; lastKnownFileType = sourcecode.c.objc; path = ASIInputStream.m; sourceTree = "<group>"; };
		450F22AE18EF071300F6532A /* ASINetworkQueue.h */ = {isa = PBXFileReference; fileEncoding = 4; lastKnownFileType = sourcecode.c.h; path = ASINetworkQueue.h; sourceTree = "<group>"; };
		450F22AF18EF071300F6532A /* ASINetworkQueue.m */ = {isa = PBXFileReference; fileEncoding = 4; lastKnownFileType = sourcecode.c.objc; path = ASINetworkQueue.m; sourceTree = "<group>"; };
		450F22B018EF071300F6532A /* ASIProgressDelegate.h */ = {isa = PBXFileReference; fileEncoding = 4; lastKnownFileType = sourcecode.c.h; path = ASIProgressDelegate.h; sourceTree = "<group>"; };
		450F22B918EF072A00F6532A /* CFNetwork.framework */ = {isa = PBXFileReference; lastKnownFileType = wrapper.framework; name = CFNetwork.framework; path = System/Library/Frameworks/CFNetwork.framework; sourceTree = SDKROOT; };
		450F22BB18EF073A00F6532A /* libz.dylib */ = {isa = PBXFileReference; lastKnownFileType = "compiled.mach-o.dylib"; name = libz.dylib; path = usr/lib/libz.dylib; sourceTree = SDKROOT; };
		450F22BD18EF074700F6532A /* MobileCoreServices.framework */ = {isa = PBXFileReference; lastKnownFileType = wrapper.framework; name = MobileCoreServices.framework; path = System/Library/Frameworks/MobileCoreServices.framework; sourceTree = SDKROOT; };
		450F22BF18EF075300F6532A /* SystemConfiguration.framework */ = {isa = PBXFileReference; lastKnownFileType = wrapper.framework; name = SystemConfiguration.framework; path = System/Library/Frameworks/SystemConfiguration.framework; sourceTree = SDKROOT; };
		450F22C518EF092300F6532A /* AdViewController.h */ = {isa = PBXFileReference; fileEncoding = 4; lastKnownFileType = sourcecode.c.h; path = AdViewController.h; sourceTree = "<group>"; };
		450F22C618EF092300F6532A /* AdViewController.m */ = {isa = PBXFileReference; fileEncoding = 4; lastKnownFileType = sourcecode.c.objc; path = AdViewController.m; sourceTree = "<group>"; };
		450F22C818EF0A7A00F6532A /* ContainerMainWindowViewController.h */ = {isa = PBXFileReference; fileEncoding = 4; lastKnownFileType = sourcecode.c.h; path = ContainerMainWindowViewController.h; sourceTree = "<group>"; };
		450F22C918EF0A7A00F6532A /* ContainerMainWindowViewController.m */ = {isa = PBXFileReference; fileEncoding = 4; lastKnownFileType = sourcecode.c.objc; path = ContainerMainWindowViewController.m; sourceTree = "<group>"; };
		450F22CC18EF149000F6532A /* OperationViewController.h */ = {isa = PBXFileReference; fileEncoding = 4; lastKnownFileType = sourcecode.c.h; path = OperationViewController.h; sourceTree = "<group>"; };
		450F22CD18EF149000F6532A /* OperationViewController.m */ = {isa = PBXFileReference; fileEncoding = 4; lastKnownFileType = sourcecode.c.objc; path = OperationViewController.m; sourceTree = "<group>"; };
		450F22CF18EF14A200F6532A /* SumaViewController.h */ = {isa = PBXFileReference; fileEncoding = 4; lastKnownFileType = sourcecode.c.h; path = SumaViewController.h; sourceTree = "<group>"; };
		450F22D018EF14A200F6532A /* SumaViewController.m */ = {isa = PBXFileReference; fileEncoding = 4; lastKnownFileType = sourcecode.c.objc; path = SumaViewController.m; sourceTree = "<group>"; };
		456124B818EF058A006D2E3A /* Pitagorin.app */ = {isa = PBXFileReference; explicitFileType = wrapper.application; includeInIndex = 0; path = Pitagorin.app; sourceTree = BUILT_PRODUCTS_DIR; };
		456124BB18EF058A006D2E3A /* Foundation.framework */ = {isa = PBXFileReference; lastKnownFileType = wrapper.framework; name = Foundation.framework; path = System/Library/Frameworks/Foundation.framework; sourceTree = SDKROOT; };
		456124BD18EF058A006D2E3A /* CoreGraphics.framework */ = {isa = PBXFileReference; lastKnownFileType = wrapper.framework; name = CoreGraphics.framework; path = System/Library/Frameworks/CoreGraphics.framework; sourceTree = SDKROOT; };
		456124BF18EF058A006D2E3A /* UIKit.framework */ = {isa = PBXFileReference; lastKnownFileType = wrapper.framework; name = UIKit.framework; path = System/Library/Frameworks/UIKit.framework; sourceTree = SDKROOT; };
		456124C318EF058A006D2E3A /* Pitagorin-Info.plist */ = {isa = PBXFileReference; lastKnownFileType = text.plist.xml; path = "Pitagorin-Info.plist"; sourceTree = "<group>"; };
		456124C718EF058A006D2E3A /* main.m */ = {isa = PBXFileReference; lastKnownFileType = sourcecode.c.objc; path = main.m; sourceTree = "<group>"; };
		456124C918EF058A006D2E3A /* Pitagorin-Prefix.pch */ = {isa = PBXFileReference; lastKnownFileType = sourcecode.c.h; path = "Pitagorin-Prefix.pch"; sourceTree = "<group>"; };
		456124CA18EF058A006D2E3A /* AppDelegate.h */ = {isa = PBXFileReference; lastKnownFileType = sourcecode.c.h; path = AppDelegate.h; sourceTree = "<group>"; };
		456124CB18EF058A006D2E3A /* AppDelegate.m */ = {isa = PBXFileReference; lastKnownFileType = sourcecode.c.objc; path = AppDelegate.m; sourceTree = "<group>"; };
		456124CD18EF058A006D2E3A /* Images.xcassets */ = {isa = PBXFileReference; lastKnownFileType = folder.assetcatalog; path = Images.xcassets; sourceTree = "<group>"; };
		456124D318EF058A006D2E3A /* PitagorinTests.xctest */ = {isa = PBXFileReference; explicitFileType = wrapper.cfbundle; includeInIndex = 0; path = PitagorinTests.xctest; sourceTree = BUILT_PRODUCTS_DIR; };
		456124D418EF058A006D2E3A /* XCTest.framework */ = {isa = PBXFileReference; lastKnownFileType = wrapper.framework; name = XCTest.framework; path = Library/Frameworks/XCTest.framework; sourceTree = DEVELOPER_DIR; };
		456124DC18EF058A006D2E3A /* PitagorinTests-Info.plist */ = {isa = PBXFileReference; lastKnownFileType = text.plist.xml; path = "PitagorinTests-Info.plist"; sourceTree = "<group>"; };
		456124DE18EF058A006D2E3A /* en */ = {isa = PBXFileReference; lastKnownFileType = text.plist.strings; name = en; path = en.lproj/InfoPlist.strings; sourceTree = "<group>"; };
		456124E018EF058A006D2E3A /* PitagorinTests.m */ = {isa = PBXFileReference; lastKnownFileType = sourcecode.c.objc; path = PitagorinTests.m; sourceTree = "<group>"; };
		4570FC5718FB06C00018D2F2 /* MainMenuViewController.h */ = {isa = PBXFileReference; fileEncoding = 4; lastKnownFileType = sourcecode.c.h; path = MainMenuViewController.h; sourceTree = "<group>"; };
		4570FC5818FB06C00018D2F2 /* MainMenuViewController.m */ = {isa = PBXFileReference; fileEncoding = 4; lastKnownFileType = sourcecode.c.objc; path = MainMenuViewController.m; sourceTree = "<group>"; };
		4570FC5C18FB2BBF0018D2F2 /* Cell.h */ = {isa = PBXFileReference; fileEncoding = 4; lastKnownFileType = sourcecode.c.h; path = Cell.h; sourceTree = "<group>"; };
		4570FC5D18FB2BBF0018D2F2 /* Cell.m */ = {isa = PBXFileReference; fileEncoding = 4; lastKnownFileType = sourcecode.c.objc; path = Cell.m; sourceTree = "<group>"; };
		4570FC5F18FB2BBF0018D2F2 /* CellData.h */ = {isa = PBXFileReference; fileEncoding = 4; lastKnownFileType = sourcecode.c.h; path = CellData.h; sourceTree = "<group>"; };
		4570FC6018FB2BBF0018D2F2 /* CellData.m */ = {isa = PBXFileReference; fileEncoding = 4; lastKnownFileType = sourcecode.c.objc; path = CellData.m; sourceTree = "<group>"; };
		4570FC6218FB2BBF0018D2F2 /* CollectionViewFlowLayout.h */ = {isa = PBXFileReference; fileEncoding = 4; lastKnownFileType = sourcecode.c.h; path = CollectionViewFlowLayout.h; sourceTree = "<group>"; };
		4570FC6318FB2BBF0018D2F2 /* CollectionViewFlowLayout.m */ = {isa = PBXFileReference; fileEncoding = 4; lastKnownFileType = sourcecode.c.objc; path = CollectionViewFlowLayout.m; sourceTree = "<group>"; };
		4570FC6B18FB48A40018D2F2 /* AddCellData.h */ = {isa = PBXFileReference; fileEncoding = 4; lastKnownFileType = sourcecode.c.h; path = AddCellData.h; sourceTree = "<group>"; };
		4570FC6C18FB48A40018D2F2 /* AddCellData.m */ = {isa = PBXFileReference; fileEncoding = 4; lastKnownFileType = sourcecode.c.objc; path = AddCellData.m; sourceTree = "<group>"; };
		4570FC6F18FB51980018D2F2 /* logo.png */ = {isa = PBXFileReference; lastKnownFileType = image.png; path = logo.png; sourceTree = "<group>"; };
		4570FC7118FB52000018D2F2 /* logo@2x.png */ = {isa = PBXFileReference; lastKnownFileType = image.png; path = "logo@2x.png"; sourceTree = "<group>"; };
		4580FA8C19004CC5005FD4C7 /* ContainerModeWindowViewController.h */ = {isa = PBXFileReference; fileEncoding = 4; lastKnownFileType = sourcecode.c.h; path = ContainerModeWindowViewController.h; sourceTree = "<group>"; };
		4580FA8D19004CC5005FD4C7 /* ContainerModeWindowViewController.m */ = {isa = PBXFileReference; fileEncoding = 4; lastKnownFileType = sourcecode.c.objc; path = ContainerModeWindowViewController.m; sourceTree = "<group>"; };
		4580FA9019004CE2005FD4C7 /* ModeWindowViewController.h */ = {isa = PBXFileReference; fileEncoding = 4; lastKnownFileType = sourcecode.c.h; path = ModeWindowViewController.h; sourceTree = "<group>"; };
		4580FA9119004CE2005FD4C7 /* ModeWindowViewController.m */ = {isa = PBXFileReference; fileEncoding = 4; lastKnownFileType = sourcecode.c.objc; path = ModeWindowViewController.m; sourceTree = "<group>"; };
		4580FA9419004E56005FD4C7 /* Constants.h */ = {isa = PBXFileReference; fileEncoding = 4; lastKnownFileType = sourcecode.c.h; path = Constants.h; sourceTree = "<group>"; };
		45CC1D5618F6CB95001E9CBE /* CountdownViewController.h */ = {isa = PBXFileReference; fileEncoding = 4; lastKnownFileType = sourcecode.c.h; path = CountdownViewController.h; sourceTree = "<group>"; };
		45CC1D5718F6CB95001E9CBE /* CountdownViewController.m */ = {isa = PBXFileReference; fileEncoding = 4; lastKnownFileType = sourcecode.c.objc; path = CountdownViewController.m; sourceTree = "<group>"; };
		45EB5C7F18FC197300F9A9C6 /* RevMobAds.framework */ = {isa = PBXFileReference; lastKnownFileType = wrapper.framework; name = RevMobAds.framework; path = "../../Downloads/revmob-ios-sdk/RevMobAds.framework"; sourceTree = "<group>"; };
		45EB5C8118FC19AD00F9A9C6 /* StoreKit.framework */ = {isa = PBXFileReference; lastKnownFileType = wrapper.framework; name = StoreKit.framework; path = System/Library/Frameworks/StoreKit.framework; sourceTree = SDKROOT; };
		45EB5C8318FC19B700F9A9C6 /* AdSupport.framework */ = {isa = PBXFileReference; lastKnownFileType = wrapper.framework; name = AdSupport.framework; path = System/Library/Frameworks/AdSupport.framework; sourceTree = SDKROOT; };
		45EB5C8518FC253300F9A9C6 /* addition.png */ = {isa = PBXFileReference; lastKnownFileType = image.png; path = addition.png; sourceTree = "<group>"; };
		45EB5C8618FC253300F9A9C6 /* addition@2x.png */ = {isa = PBXFileReference; lastKnownFileType = image.png; path = "addition@2x.png"; sourceTree = "<group>"; };
		45EB5C8718FC253300F9A9C6 /* substraction.png */ = {isa = PBXFileReference; lastKnownFileType = image.png; path = substraction.png; sourceTree = "<group>"; };
		45EB5C8818FC253300F9A9C6 /* substraction@2x.png */ = {isa = PBXFileReference; lastKnownFileType = image.png; path = "substraction@2x.png"; sourceTree = "<group>"; };
		45EB5C8D18FC257800F9A9C6 /* SubstractCellData.h */ = {isa = PBXFileReference; fileEncoding = 4; lastKnownFileType = sourcecode.c.h; path = SubstractCellData.h; sourceTree = "<group>"; };
		45EB5C8E18FC257800F9A9C6 /* SubstractCellData.m */ = {isa = PBXFileReference; fileEncoding = 4; lastKnownFileType = sourcecode.c.objc; path = SubstractCellData.m; sourceTree = "<group>"; };
/* End PBXFileReference section */

/* Begin PBXFrameworksBuildPhase section */
		456124B518EF058A006D2E3A /* Frameworks */ = {
			isa = PBXFrameworksBuildPhase;
			buildActionMask = 2147483647;
			files = (
				45EB5C8418FC19B700F9A9C6 /* AdSupport.framework in Frameworks */,
				45EB5C8218FC19AD00F9A9C6 /* StoreKit.framework in Frameworks */,
				450F22C018EF075300F6532A /* SystemConfiguration.framework in Frameworks */,
				450F22BE18EF074700F6532A /* MobileCoreServices.framework in Frameworks */,
				45EB5C8018FC197300F9A9C6 /* RevMobAds.framework in Frameworks */,
				450F22BC18EF073A00F6532A /* libz.dylib in Frameworks */,
				450F22BA18EF072A00F6532A /* CFNetwork.framework in Frameworks */,
				456124BE18EF058A006D2E3A /* CoreGraphics.framework in Frameworks */,
				456124C018EF058A006D2E3A /* UIKit.framework in Frameworks */,
				456124BC18EF058A006D2E3A /* Foundation.framework in Frameworks */,
			);
			runOnlyForDeploymentPostprocessing = 0;
		};
		456124D018EF058A006D2E3A /* Frameworks */ = {
			isa = PBXFrameworksBuildPhase;
			buildActionMask = 2147483647;
			files = (
				456124D518EF058A006D2E3A /* XCTest.framework in Frameworks */,
				456124D718EF058A006D2E3A /* UIKit.framework in Frameworks */,
				456124D618EF058A006D2E3A /* Foundation.framework in Frameworks */,
			);
			runOnlyForDeploymentPostprocessing = 0;
		};
/* End PBXFrameworksBuildPhase section */

/* Begin PBXGroup section */
		450F224618EF06BC00F6532A /* Frameworks */ = {
			isa = PBXGroup;
			children = (
				450F229C18EF071300F6532A /* ASIHTTPRequest */,
				450F224718EF06BC00F6532A /* LoadableClasses */,
				450F226418EF06BC00F6532A /* TableViewFrameworkClasses */,
			);
			path = Frameworks;
			sourceTree = "<group>";
		};
		450F224718EF06BC00F6532A /* LoadableClasses */ = {
			isa = PBXGroup;
			children = (
				450F224818EF06BC00F6532A /* LoadableViewController.h */,
				450F224918EF06BC00F6532A /* LoadableViewController.m */,
				450F224A18EF06BC00F6532A /* LoadableWithSegmentedControlViewController.h */,
				450F224B18EF06BC00F6532A /* LoadableWithSegmentedControlViewController.m */,
				450F224C18EF06BC00F6532A /* LoadableWithTableViewController.h */,
				450F224D18EF06BC00F6532A /* LoadableWithTableViewController.m */,
				450F224E18EF06BC00F6532A /* LoadableWithTextFieldsForLoginViewController.h */,
				450F224F18EF06BC00F6532A /* LoadableWithTextFieldsForLoginViewController.m */,
				450F225018EF06BC00F6532A /* ParentViewController.h */,
				450F225118EF06BC00F6532A /* ParentViewController.m */,
				450F225218EF06BC00F6532A /* RefreshableViewController.h */,
				450F225318EF06BC00F6532A /* RefreshableViewController.m */,
				450F225418EF06BC00F6532A /* RootViewController.h */,
				450F225518EF06BC00F6532A /* RootViewController.m */,
				450F225618EF06BC00F6532A /* Utilidades */,
			);
			path = LoadableClasses;
			sourceTree = "<group>";
		};
		450F225618EF06BC00F6532A /* Utilidades */ = {
			isa = PBXGroup;
			children = (
				450F225718EF06BC00F6532A /* ConstantsCustomSplitViewController.h */,
				450F225818EF06BC00F6532A /* GeolocationManager.h */,
				450F225918EF06BC00F6532A /* GeolocationManager.m */,
				450F225A18EF06BC00F6532A /* ImagenGrandeViewController.h */,
				450F225B18EF06BC00F6532A /* ImagenGrandeViewController.m */,
				450F225C18EF06BC00F6532A /* MemoryPrinter.h */,
				450F225D18EF06BC00F6532A /* MemoryPrinter.m */,
				450F225E18EF06BC00F6532A /* Reachability.h */,
				450F225F18EF06BC00F6532A /* Reachability.m */,
				450F226018EF06BC00F6532A /* ScreenSizeManager.h */,
				450F226118EF06BC00F6532A /* ScreenSizeManager.m */,
				450F226218EF06BC00F6532A /* TratadorImagenes.h */,
				450F226318EF06BC00F6532A /* TratadorImagenes.m */,
			);
			path = Utilidades;
			sourceTree = "<group>";
		};
		450F226418EF06BC00F6532A /* TableViewFrameworkClasses */ = {
			isa = PBXGroup;
			children = (
				450F226518EF06BC00F6532A /* CustomCell.h */,
				450F226618EF06BC00F6532A /* CustomCell.m */,
				450F226718EF06BC00F6532A /* CustomCellAppearance.h */,
				450F226818EF06BC00F6532A /* CustomCellAppearance.m */,
				450F226918EF06BC00F6532A /* CustomHeaderFooter.h */,
				450F226A18EF06BC00F6532A /* CustomHeaderFooter.m */,
				450F226B18EF06BC00F6532A /* CustomHeaderFooterAppearance.h */,
				450F226C18EF06BC00F6532A /* CustomHeaderFooterAppearance.m */,
				450F226D18EF06BC00F6532A /* CustomTableViewController.h */,
				450F226E18EF06BC00F6532A /* CustomTableViewController.m */,
				450F226F18EF06BC00F6532A /* CustomTableViewEditController.h */,
				450F227018EF06BC00F6532A /* CustomTableViewEditController.m */,
				450F227118EF06BC00F6532A /* FabricaCeldas.h */,
				450F227218EF06BC00F6532A /* FabricaCeldas.m */,
				450F227318EF06BC00F6532A /* FabricaHeaderFooterSecciones.h */,
				450F227418EF06BC00F6532A /* FabricaHeaderFooterSecciones.m */,
				450F227518EF06BC00F6532A /* SectionElement.h */,
				450F227618EF06BC00F6532A /* SectionElement.m */,
				450F227718EF06BC00F6532A /* TVFramework.h */,
			);
			path = TableViewFrameworkClasses;
			sourceTree = "<group>";
		};
		450F228E18EF06D000F6532A /* en.lproj */ = {
			isa = PBXGroup;
			children = (
				450F228F18EF06D000F6532A /* InfoPlist.strings */,
				450F229118EF06D000F6532A /* Localizable.strings */,
			);
			path = en.lproj;
			sourceTree = "<group>";
		};
		450F229318EF06D000F6532A /* es.lproj */ = {
			isa = PBXGroup;
			children = (
				450F229418EF06D000F6532A /* InfoPlist.strings */,
				450F229618EF06D000F6532A /* Localizable.strings */,
			);
			path = es.lproj;
			sourceTree = "<group>";
		};
		450F229C18EF071300F6532A /* ASIHTTPRequest */ = {
			isa = PBXGroup;
			children = (
				450F229D18EF071300F6532A /* ASIAuthenticationDialog.h */,
				450F229E18EF071300F6532A /* ASIAuthenticationDialog.m */,
				450F229F18EF071300F6532A /* ASICacheDelegate.h */,
				450F22A018EF071300F6532A /* ASIDataCompressor.h */,
				450F22A118EF071300F6532A /* ASIDataCompressor.m */,
				450F22A218EF071300F6532A /* ASIDataDecompressor.h */,
				450F22A318EF071300F6532A /* ASIDataDecompressor.m */,
				450F22A418EF071300F6532A /* ASIDownloadCache.h */,
				450F22A518EF071300F6532A /* ASIDownloadCache.m */,
				450F22A618EF071300F6532A /* ASIFormDataRequest.h */,
				450F22A718EF071300F6532A /* ASIFormDataRequest.m */,
				450F22A818EF071300F6532A /* ASIHTTPRequest.h */,
				450F22A918EF071300F6532A /* ASIHTTPRequest.m */,
				450F22AA18EF071300F6532A /* ASIHTTPRequestConfig.h */,
				450F22AB18EF071300F6532A /* ASIHTTPRequestDelegate.h */,
				450F22AC18EF071300F6532A /* ASIInputStream.h */,
				450F22AD18EF071300F6532A /* ASIInputStream.m */,
				450F22AE18EF071300F6532A /* ASINetworkQueue.h */,
				450F22AF18EF071300F6532A /* ASINetworkQueue.m */,
				450F22B018EF071300F6532A /* ASIProgressDelegate.h */,
			);
			path = ASIHTTPRequest;
			sourceTree = "<group>";
		};
		450F22C118EF083600F6532A /* Code */ = {
			isa = PBXGroup;
			children = (
				4580FA9319004E43005FD4C7 /* Models */,
				450F22C418EF091200F6532A /* AdViewController */,
				450F22C218EF083600F6532A /* ContainerViewControllers */,
				450F22C318EF083600F6532A /* ContentViewControllers */,
			);
			path = Code;
			sourceTree = "<group>";
		};
		450F22C218EF083600F6532A /* ContainerViewControllers */ = {
			isa = PBXGroup;
			children = (
				450F22C818EF0A7A00F6532A /* ContainerMainWindowViewController.h */,
				450F22C918EF0A7A00F6532A /* ContainerMainWindowViewController.m */,
				4580FA8C19004CC5005FD4C7 /* ContainerModeWindowViewController.h */,
				4580FA8D19004CC5005FD4C7 /* ContainerModeWindowViewController.m */,
			);
			path = ContainerViewControllers;
			sourceTree = "<group>";
		};
		450F22C318EF083600F6532A /* ContentViewControllers */ = {
			isa = PBXGroup;
			children = (
				4580FA8F19004CCE005FD4C7 /* ModeWindowViewControllers */,
				4570FC5618FB067C0018D2F2 /* MainWindowViewControllers */,
				450F22CB18EF147D00F6532A /* OperationsViewController */,
			);
			path = ContentViewControllers;
			sourceTree = "<group>";
		};
		450F22C418EF091200F6532A /* AdViewController */ = {
			isa = PBXGroup;
			children = (
				450F22C518EF092300F6532A /* AdViewController.h */,
				450F22C618EF092300F6532A /* AdViewController.m */,
			);
			path = AdViewController;
			sourceTree = "<group>";
		};
		450F22CB18EF147D00F6532A /* OperationsViewController */ = {
			isa = PBXGroup;
			children = (
				45CC1D5518F6CB84001E9CBE /* InterfaceElements */,
				450F22CC18EF149000F6532A /* OperationViewController.h */,
				450F22CD18EF149000F6532A /* OperationViewController.m */,
				450F22CF18EF14A200F6532A /* SumaViewController.h */,
				450F22D018EF14A200F6532A /* SumaViewController.m */,
			);
			path = OperationsViewController;
			sourceTree = "<group>";
		};
		456124AF18EF058A006D2E3A = {
			isa = PBXGroup;
			children = (
				456124C118EF058A006D2E3A /* Pitagorin */,
				456124DA18EF058A006D2E3A /* PitagorinTests */,
				456124BA18EF058A006D2E3A /* Frameworks */,
				456124B918EF058A006D2E3A /* Products */,
			);
			sourceTree = "<group>";
		};
		456124B918EF058A006D2E3A /* Products */ = {
			isa = PBXGroup;
			children = (
				456124B818EF058A006D2E3A /* Pitagorin.app */,
				456124D318EF058A006D2E3A /* PitagorinTests.xctest */,
			);
			name = Products;
			sourceTree = "<group>";
		};
		456124BA18EF058A006D2E3A /* Frameworks */ = {
			isa = PBXGroup;
			children = (
				45EB5C8318FC19B700F9A9C6 /* AdSupport.framework */,
				45EB5C8118FC19AD00F9A9C6 /* StoreKit.framework */,
				45EB5C7F18FC197300F9A9C6 /* RevMobAds.framework */,
				450F22BF18EF075300F6532A /* SystemConfiguration.framework */,
				450F22BD18EF074700F6532A /* MobileCoreServices.framework */,
				450F22BB18EF073A00F6532A /* libz.dylib */,
				450F22B918EF072A00F6532A /* CFNetwork.framework */,
				456124BD18EF058A006D2E3A /* CoreGraphics.framework */,
				456124BB18EF058A006D2E3A /* Foundation.framework */,
				456124BF18EF058A006D2E3A /* UIKit.framework */,
				456124D418EF058A006D2E3A /* XCTest.framework */,
			);
			name = Frameworks;
			sourceTree = "<group>";
		};
		456124C118EF058A006D2E3A /* Pitagorin */ = {
			isa = PBXGroup;
			children = (
				4570FC6E18FB51980018D2F2 /* Images */,
				450F22C118EF083600F6532A /* Code */,
				450F224618EF06BC00F6532A /* Frameworks */,
				456124CA18EF058A006D2E3A /* AppDelegate.h */,
				456124CB18EF058A006D2E3A /* AppDelegate.m */,
				456124CD18EF058A006D2E3A /* Images.xcassets */,
				456124C218EF058A006D2E3A /* Supporting Files */,
			);
			path = Pitagorin;
			sourceTree = "<group>";
		};
		456124C218EF058A006D2E3A /* Supporting Files */ = {
			isa = PBXGroup;
			children = (
				450F228E18EF06D000F6532A /* en.lproj */,
				450F229318EF06D000F6532A /* es.lproj */,
				456124C318EF058A006D2E3A /* Pitagorin-Info.plist */,
				456124C718EF058A006D2E3A /* main.m */,
				456124C918EF058A006D2E3A /* Pitagorin-Prefix.pch */,
			);
			name = "Supporting Files";
			sourceTree = "<group>";
		};
		456124DA18EF058A006D2E3A /* PitagorinTests */ = {
			isa = PBXGroup;
			children = (
				456124E018EF058A006D2E3A /* PitagorinTests.m */,
				456124DB18EF058A006D2E3A /* Supporting Files */,
			);
			path = PitagorinTests;
			sourceTree = "<group>";
		};
		456124DB18EF058A006D2E3A /* Supporting Files */ = {
			isa = PBXGroup;
			children = (
				456124DC18EF058A006D2E3A /* PitagorinTests-Info.plist */,
				456124DD18EF058A006D2E3A /* InfoPlist.strings */,
			);
			name = "Supporting Files";
			sourceTree = "<group>";
		};
		4570FC5618FB067C0018D2F2 /* MainWindowViewControllers */ = {
			isa = PBXGroup;
			children = (
				4570FC5A18FB2BBF0018D2F2 /* CollectionView */,
				4570FC5718FB06C00018D2F2 /* MainMenuViewController.h */,
				4570FC5818FB06C00018D2F2 /* MainMenuViewController.m */,
			);
			path = MainWindowViewControllers;
			sourceTree = "<group>";
		};
		4570FC5A18FB2BBF0018D2F2 /* CollectionView */ = {
			isa = PBXGroup;
			children = (
				4570FC5B18FB2BBF0018D2F2 /* Cells */,
				4570FC6118FB2BBF0018D2F2 /* FlowLayout */,
			);
			path = CollectionView;
			sourceTree = "<group>";
		};
		4570FC5B18FB2BBF0018D2F2 /* Cells */ = {
			isa = PBXGroup;
			children = (
				4570FC6A18FB486E0018D2F2 /* CellData */,
				4570FC5C18FB2BBF0018D2F2 /* Cell.h */,
				4570FC5D18FB2BBF0018D2F2 /* Cell.m */,
				4570FC5F18FB2BBF0018D2F2 /* CellData.h */,
				4570FC6018FB2BBF0018D2F2 /* CellData.m */,
			);
			path = Cells;
			sourceTree = "<group>";
		};
		4570FC6118FB2BBF0018D2F2 /* FlowLayout */ = {
			isa = PBXGroup;
			children = (
				4570FC6218FB2BBF0018D2F2 /* CollectionViewFlowLayout.h */,
				4570FC6318FB2BBF0018D2F2 /* CollectionViewFlowLayout.m */,
			);
			path = FlowLayout;
			sourceTree = "<group>";
		};
		4570FC6A18FB486E0018D2F2 /* CellData */ = {
			isa = PBXGroup;
			children = (
				4570FC6B18FB48A40018D2F2 /* AddCellData.h */,
				4570FC6C18FB48A40018D2F2 /* AddCellData.m */,
				45EB5C8D18FC257800F9A9C6 /* SubstractCellData.h */,
				45EB5C8E18FC257800F9A9C6 /* SubstractCellData.m */,
			);
			path = CellData;
			sourceTree = "<group>";
		};
		4570FC6E18FB51980018D2F2 /* Images */ = {
			isa = PBXGroup;
			children = (
				45EB5C8518FC253300F9A9C6 /* addition.png */,
				45EB5C8618FC253300F9A9C6 /* addition@2x.png */,
				45EB5C8718FC253300F9A9C6 /* substraction.png */,
				45EB5C8818FC253300F9A9C6 /* substraction@2x.png */,
				4570FC7118FB52000018D2F2 /* logo@2x.png */,
				4570FC6F18FB51980018D2F2 /* logo.png */,
			);
			path = Images;
			sourceTree = "<group>";
		};
		4580FA8F19004CCE005FD4C7 /* ModeWindowViewControllers */ = {
			isa = PBXGroup;
			children = (
				4580FA9019004CE2005FD4C7 /* ModeWindowViewController.h */,
				4580FA9119004CE2005FD4C7 /* ModeWindowViewController.m */,
			);
			path = ModeWindowViewControllers;
			sourceTree = "<group>";
		};
		4580FA9319004E43005FD4C7 /* Models */ = {
			isa = PBXGroup;
			children = (
				4580FA9419004E56005FD4C7 /* Constants.h */,
			);
			path = Models;
			sourceTree = "<group>";
		};
		45CC1D5518F6CB84001E9CBE /* InterfaceElements */ = {
			isa = PBXGroup;
			children = (
				45CC1D5618F6CB95001E9CBE /* CountdownViewController.h */,
				45CC1D5718F6CB95001E9CBE /* CountdownViewController.m */,
			);
			path = InterfaceElements;
			sourceTree = "<group>";
		};
/* End PBXGroup section */

/* Begin PBXNativeTarget section */
		456124B718EF058A006D2E3A /* Pitagorin */ = {
			isa = PBXNativeTarget;
			buildConfigurationList = 456124E418EF058A006D2E3A /* Build configuration list for PBXNativeTarget "Pitagorin" */;
			buildPhases = (
				456124B418EF058A006D2E3A /* Sources */,
				456124B518EF058A006D2E3A /* Frameworks */,
				456124B618EF058A006D2E3A /* Resources */,
			);
			buildRules = (
			);
			dependencies = (
			);
			name = Pitagorin;
			productName = Pitagorin;
			productReference = 456124B818EF058A006D2E3A /* Pitagorin.app */;
			productType = "com.apple.product-type.application";
		};
		456124D218EF058A006D2E3A /* PitagorinTests */ = {
			isa = PBXNativeTarget;
			buildConfigurationList = 456124E718EF058A006D2E3A /* Build configuration list for PBXNativeTarget "PitagorinTests" */;
			buildPhases = (
				456124CF18EF058A006D2E3A /* Sources */,
				456124D018EF058A006D2E3A /* Frameworks */,
				456124D118EF058A006D2E3A /* Resources */,
			);
			buildRules = (
			);
			dependencies = (
				456124D918EF058A006D2E3A /* PBXTargetDependency */,
			);
			name = PitagorinTests;
			productName = PitagorinTests;
			productReference = 456124D318EF058A006D2E3A /* PitagorinTests.xctest */;
			productType = "com.apple.product-type.bundle.unit-test";
		};
/* End PBXNativeTarget section */

/* Begin PBXProject section */
		456124B018EF058A006D2E3A /* Project object */ = {
			isa = PBXProject;
			attributes = {
				LastUpgradeCheck = 0510;
				ORGANIZATIONNAME = Lorenzov;
				TargetAttributes = {
					456124D218EF058A006D2E3A = {
						TestTargetID = 456124B718EF058A006D2E3A;
					};
				};
			};
			buildConfigurationList = 456124B318EF058A006D2E3A /* Build configuration list for PBXProject "Pitagorin" */;
			compatibilityVersion = "Xcode 3.2";
			developmentRegion = English;
			hasScannedForEncodings = 0;
			knownRegions = (
				en,
				es,
			);
			mainGroup = 456124AF18EF058A006D2E3A;
			productRefGroup = 456124B918EF058A006D2E3A /* Products */;
			projectDirPath = "";
			projectRoot = "";
			targets = (
				456124B718EF058A006D2E3A /* Pitagorin */,
				456124D218EF058A006D2E3A /* PitagorinTests */,
			);
		};
/* End PBXProject section */

/* Begin PBXResourcesBuildPhase section */
		456124B618EF058A006D2E3A /* Resources */ = {
			isa = PBXResourcesBuildPhase;
			buildActionMask = 2147483647;
			files = (
				45EB5C8A18FC253300F9A9C6 /* addition@2x.png in Resources */,
				450F229B18EF06D000F6532A /* Localizable.strings in Resources */,
				456124CE18EF058A006D2E3A /* Images.xcassets in Resources */,
				4570FC7018FB51980018D2F2 /* logo.png in Resources */,
				45EB5C8918FC253300F9A9C6 /* addition.png in Resources */,
				450F229A18EF06D000F6532A /* InfoPlist.strings in Resources */,
				4570FC7218FB52000018D2F2 /* logo@2x.png in Resources */,
				450F229918EF06D000F6532A /* Localizable.strings in Resources */,
				45EB5C8C18FC253300F9A9C6 /* substraction@2x.png in Resources */,
				45EB5C8B18FC253300F9A9C6 /* substraction.png in Resources */,
				450F229818EF06D000F6532A /* InfoPlist.strings in Resources */,
			);
			runOnlyForDeploymentPostprocessing = 0;
		};
		456124D118EF058A006D2E3A /* Resources */ = {
			isa = PBXResourcesBuildPhase;
			buildActionMask = 2147483647;
			files = (
				456124DF18EF058A006D2E3A /* InfoPlist.strings in Resources */,
			);
			runOnlyForDeploymentPostprocessing = 0;
		};
/* End PBXResourcesBuildPhase section */

/* Begin PBXSourcesBuildPhase section */
		456124B418EF058A006D2E3A /* Sources */ = {
			isa = PBXSourcesBuildPhase;
			buildActionMask = 2147483647;
			files = (
				450F228A18EF06BC00F6532A /* CustomTableViewEditController.m in Sources */,
				4580FA8E19004CC5005FD4C7 /* ContainerModeWindowViewController.m in Sources */,
				450F228618EF06BC00F6532A /* CustomCellAppearance.m in Sources */,
				4570FC6618FB2BBF0018D2F2 /* CollectionViewFlowLayout.m in Sources */,
				450F228218EF06BC00F6532A /* Reachability.m in Sources */,
				450F227D18EF06BC00F6532A /* RefreshableViewController.m in Sources */,
				4580FA9219004CE2005FD4C7 /* ModeWindowViewController.m in Sources */,
				450F228518EF06BC00F6532A /* CustomCell.m in Sources */,
				450F22CA18EF0A7A00F6532A /* ContainerMainWindowViewController.m in Sources */,
				450F22B318EF071300F6532A /* ASIDataDecompressor.m in Sources */,
				4570FC6518FB2BBF0018D2F2 /* CellData.m in Sources */,
				450F22CE18EF149000F6532A /* OperationViewController.m in Sources */,
				45CC1D5818F6CB95001E9CBE /* CountdownViewController.m in Sources */,
				45EB5C8F18FC257800F9A9C6 /* SubstractCellData.m in Sources */,
				450F22B418EF071300F6532A /* ASIDownloadCache.m in Sources */,
				450F228818EF06BC00F6532A /* CustomHeaderFooterAppearance.m in Sources */,
				456124CC18EF058A006D2E3A /* AppDelegate.m in Sources */,
				456124C818EF058A006D2E3A /* main.m in Sources */,
				450F22B718EF071300F6532A /* ASIInputStream.m in Sources */,
				450F22B218EF071300F6532A /* ASIDataCompressor.m in Sources */,
				450F228B18EF06BC00F6532A /* FabricaCeldas.m in Sources */,
				450F228718EF06BC00F6532A /* CustomHeaderFooter.m in Sources */,
				450F228D18EF06BC00F6532A /* SectionElement.m in Sources */,
				450F228C18EF06BC00F6532A /* FabricaHeaderFooterSecciones.m in Sources */,
				450F228118EF06BC00F6532A /* MemoryPrinter.m in Sources */,
				450F22B518EF071300F6532A /* ASIFormDataRequest.m in Sources */,
				450F22B618EF071300F6532A /* ASIHTTPRequest.m in Sources */,
				450F227C18EF06BC00F6532A /* ParentViewController.m in Sources */,
				450F227F18EF06BC00F6532A /* GeolocationManager.m in Sources */,
				4570FC5918FB06C00018D2F2 /* MainMenuViewController.m in Sources */,
				450F227B18EF06BC00F6532A /* LoadableWithTextFieldsForLoginViewController.m in Sources */,
				4570FC6418FB2BBF0018D2F2 /* Cell.m in Sources */,
				450F22D118EF14A200F6532A /* SumaViewController.m in Sources */,
				450F227E18EF06BC00F6532A /* RootViewController.m in Sources */,
				450F227A18EF06BC00F6532A /* LoadableWithTableViewController.m in Sources */,
				450F22B818EF071300F6532A /* ASINetworkQueue.m in Sources */,
				450F228418EF06BC00F6532A /* TratadorImagenes.m in Sources */,
				450F227818EF06BC00F6532A /* LoadableViewController.m in Sources */,
				450F22C718EF092300F6532A /* AdViewController.m in Sources */,
				450F228918EF06BC00F6532A /* CustomTableViewController.m in Sources */,
				450F228018EF06BC00F6532A /* ImagenGrandeViewController.m in Sources */,
				450F22B118EF071300F6532A /* ASIAuthenticationDialog.m in Sources */,
				4570FC6D18FB48A40018D2F2 /* AddCellData.m in Sources */,
				450F228318EF06BC00F6532A /* ScreenSizeManager.m in Sources */,
				450F227918EF06BC00F6532A /* LoadableWithSegmentedControlViewController.m in Sources */,
			);
			runOnlyForDeploymentPostprocessing = 0;
		};
		456124CF18EF058A006D2E3A /* Sources */ = {
			isa = PBXSourcesBuildPhase;
			buildActionMask = 2147483647;
			files = (
				456124E118EF058A006D2E3A /* PitagorinTests.m in Sources */,
			);
			runOnlyForDeploymentPostprocessing = 0;
		};
/* End PBXSourcesBuildPhase section */

/* Begin PBXTargetDependency section */
		456124D918EF058A006D2E3A /* PBXTargetDependency */ = {
			isa = PBXTargetDependency;
			target = 456124B718EF058A006D2E3A /* Pitagorin */;
			targetProxy = 456124D818EF058A006D2E3A /* PBXContainerItemProxy */;
		};
/* End PBXTargetDependency section */

/* Begin PBXVariantGroup section */
		450F228F18EF06D000F6532A /* InfoPlist.strings */ = {
			isa = PBXVariantGroup;
			children = (
				450F229018EF06D000F6532A /* en */,
			);
			name = InfoPlist.strings;
			sourceTree = "<group>";
		};
		450F229118EF06D000F6532A /* Localizable.strings */ = {
			isa = PBXVariantGroup;
			children = (
				450F229218EF06D000F6532A /* en */,
			);
			name = Localizable.strings;
			sourceTree = "<group>";
		};
		450F229418EF06D000F6532A /* InfoPlist.strings */ = {
			isa = PBXVariantGroup;
			children = (
				450F229518EF06D000F6532A /* es */,
			);
			name = InfoPlist.strings;
			sourceTree = "<group>";
		};
		450F229618EF06D000F6532A /* Localizable.strings */ = {
			isa = PBXVariantGroup;
			children = (
				450F229718EF06D000F6532A /* es */,
			);
			name = Localizable.strings;
			sourceTree = "<group>";
		};
		456124DD18EF058A006D2E3A /* InfoPlist.strings */ = {
			isa = PBXVariantGroup;
			children = (
				456124DE18EF058A006D2E3A /* en */,
			);
			name = InfoPlist.strings;
			sourceTree = "<group>";
		};
/* End PBXVariantGroup section */

/* Begin XCBuildConfiguration section */
		456124E218EF058A006D2E3A /* Debug */ = {
			isa = XCBuildConfiguration;
			buildSettings = {
				ALWAYS_SEARCH_USER_PATHS = NO;
				CLANG_CXX_LANGUAGE_STANDARD = "gnu++0x";
				CLANG_CXX_LIBRARY = "libc++";
				CLANG_ENABLE_MODULES = YES;
				CLANG_ENABLE_OBJC_ARC = YES;
				CLANG_WARN_BOOL_CONVERSION = YES;
				CLANG_WARN_CONSTANT_CONVERSION = YES;
				CLANG_WARN_DIRECT_OBJC_ISA_USAGE = YES_ERROR;
				CLANG_WARN_EMPTY_BODY = YES;
				CLANG_WARN_ENUM_CONVERSION = YES;
				CLANG_WARN_INT_CONVERSION = YES;
				CLANG_WARN_OBJC_ROOT_CLASS = YES_ERROR;
				CLANG_WARN__DUPLICATE_METHOD_MATCH = YES;
				"CODE_SIGN_IDENTITY[sdk=iphoneos*]" = "iPhone Developer";
				COPY_PHASE_STRIP = NO;
				GCC_C_LANGUAGE_STANDARD = gnu99;
				GCC_DYNAMIC_NO_PIC = NO;
				GCC_OPTIMIZATION_LEVEL = 0;
				GCC_PREPROCESSOR_DEFINITIONS = (
					"DEBUG=1",
					"$(inherited)",
				);
				GCC_SYMBOLS_PRIVATE_EXTERN = NO;
				GCC_WARN_64_TO_32_BIT_CONVERSION = YES;
				GCC_WARN_ABOUT_RETURN_TYPE = YES_ERROR;
				GCC_WARN_UNDECLARED_SELECTOR = YES;
				GCC_WARN_UNINITIALIZED_AUTOS = YES;
				GCC_WARN_UNUSED_FUNCTION = YES;
				GCC_WARN_UNUSED_VARIABLE = YES;
				IPHONEOS_DEPLOYMENT_TARGET = 7.0;
				ONLY_ACTIVE_ARCH = YES;
				SDKROOT = iphoneos;
				TARGETED_DEVICE_FAMILY = "1,2";
			};
			name = Debug;
		};
		456124E318EF058A006D2E3A /* Release */ = {
			isa = XCBuildConfiguration;
			buildSettings = {
				ALWAYS_SEARCH_USER_PATHS = NO;
				CLANG_CXX_LANGUAGE_STANDARD = "gnu++0x";
				CLANG_CXX_LIBRARY = "libc++";
				CLANG_ENABLE_MODULES = YES;
				CLANG_ENABLE_OBJC_ARC = YES;
				CLANG_WARN_BOOL_CONVERSION = YES;
				CLANG_WARN_CONSTANT_CONVERSION = YES;
				CLANG_WARN_DIRECT_OBJC_ISA_USAGE = YES_ERROR;
				CLANG_WARN_EMPTY_BODY = YES;
				CLANG_WARN_ENUM_CONVERSION = YES;
				CLANG_WARN_INT_CONVERSION = YES;
				CLANG_WARN_OBJC_ROOT_CLASS = YES_ERROR;
				CLANG_WARN__DUPLICATE_METHOD_MATCH = YES;
				"CODE_SIGN_IDENTITY[sdk=iphoneos*]" = "iPhone Developer";
				COPY_PHASE_STRIP = YES;
				ENABLE_NS_ASSERTIONS = NO;
				GCC_C_LANGUAGE_STANDARD = gnu99;
				GCC_WARN_64_TO_32_BIT_CONVERSION = YES;
				GCC_WARN_ABOUT_RETURN_TYPE = YES_ERROR;
				GCC_WARN_UNDECLARED_SELECTOR = YES;
				GCC_WARN_UNINITIALIZED_AUTOS = YES;
				GCC_WARN_UNUSED_FUNCTION = YES;
				GCC_WARN_UNUSED_VARIABLE = YES;
				IPHONEOS_DEPLOYMENT_TARGET = 7.0;
				SDKROOT = iphoneos;
				TARGETED_DEVICE_FAMILY = "1,2";
				VALIDATE_PRODUCT = YES;
			};
			name = Release;
		};
		456124E518EF058A006D2E3A /* Debug */ = {
			isa = XCBuildConfiguration;
			buildSettings = {
				ASSETCATALOG_COMPILER_APPICON_NAME = AppIcon;
				ASSETCATALOG_COMPILER_LAUNCHIMAGE_NAME = LaunchImage;
				FRAMEWORK_SEARCH_PATHS = (
					"$(inherited)",
					"/Users/lorenzov/Downloads/revmob-ios-sdk",
				);
				GCC_PRECOMPILE_PREFIX_HEADER = YES;
				GCC_PREFIX_HEADER = "Pitagorin/Pitagorin-Prefix.pch";
				INFOPLIST_FILE = "Pitagorin/Pitagorin-Info.plist";
				PRODUCT_NAME = "$(TARGET_NAME)";
				WRAPPER_EXTENSION = app;
			};
			name = Debug;
		};
		456124E618EF058A006D2E3A /* Release */ = {
			isa = XCBuildConfiguration;
			buildSettings = {
				ASSETCATALOG_COMPILER_APPICON_NAME = AppIcon;
				ASSETCATALOG_COMPILER_LAUNCHIMAGE_NAME = LaunchImage;
				FRAMEWORK_SEARCH_PATHS = (
					"$(inherited)",
					"/Users/lorenzov/Downloads/revmob-ios-sdk",
				);
				GCC_PRECOMPILE_PREFIX_HEADER = YES;
				GCC_PREFIX_HEADER = "Pitagorin/Pitagorin-Prefix.pch";
				INFOPLIST_FILE = "Pitagorin/Pitagorin-Info.plist";
				PRODUCT_NAME = "$(TARGET_NAME)";
				WRAPPER_EXTENSION = app;
			};
			name = Release;
		};
		456124E818EF058A006D2E3A /* Debug */ = {
			isa = XCBuildConfiguration;
			buildSettings = {
				BUNDLE_LOADER = "$(BUILT_PRODUCTS_DIR)/Pitagorin.app/Pitagorin";
				FRAMEWORK_SEARCH_PATHS = (
					"$(SDKROOT)/Developer/Library/Frameworks",
					"$(inherited)",
					"$(DEVELOPER_FRAMEWORKS_DIR)",
				);
				GCC_PRECOMPILE_PREFIX_HEADER = YES;
				GCC_PREFIX_HEADER = "Pitagorin/Pitagorin-Prefix.pch";
				GCC_PREPROCESSOR_DEFINITIONS = (
					"DEBUG=1",
					"$(inherited)",
				);
				INFOPLIST_FILE = "PitagorinTests/PitagorinTests-Info.plist";
				PRODUCT_NAME = "$(TARGET_NAME)";
				TEST_HOST = "$(BUNDLE_LOADER)";
				WRAPPER_EXTENSION = xctest;
			};
			name = Debug;
		};
		456124E918EF058A006D2E3A /* Release */ = {
			isa = XCBuildConfiguration;
			buildSettings = {
				BUNDLE_LOADER = "$(BUILT_PRODUCTS_DIR)/Pitagorin.app/Pitagorin";
				FRAMEWORK_SEARCH_PATHS = (
					"$(SDKROOT)/Developer/Library/Frameworks",
					"$(inherited)",
					"$(DEVELOPER_FRAMEWORKS_DIR)",
				);
				GCC_PRECOMPILE_PREFIX_HEADER = YES;
				GCC_PREFIX_HEADER = "Pitagorin/Pitagorin-Prefix.pch";
				INFOPLIST_FILE = "PitagorinTests/PitagorinTests-Info.plist";
				PRODUCT_NAME = "$(TARGET_NAME)";
				TEST_HOST = "$(BUNDLE_LOADER)";
				WRAPPER_EXTENSION = xctest;
			};
			name = Release;
		};
/* End XCBuildConfiguration section */

/* Begin XCConfigurationList section */
		456124B318EF058A006D2E3A /* Build configuration list for PBXProject "Pitagorin" */ = {
			isa = XCConfigurationList;
			buildConfigurations = (
				456124E218EF058A006D2E3A /* Debug */,
				456124E318EF058A006D2E3A /* Release */,
			);
			defaultConfigurationIsVisible = 0;
			defaultConfigurationName = Release;
		};
		456124E418EF058A006D2E3A /* Build configuration list for PBXNativeTarget "Pitagorin" */ = {
			isa = XCConfigurationList;
			buildConfigurations = (
				456124E518EF058A006D2E3A /* Debug */,
				456124E618EF058A006D2E3A /* Release */,
			);
			defaultConfigurationIsVisible = 0;
			defaultConfigurationName = Release;
		};
		456124E718EF058A006D2E3A /* Build configuration list for PBXNativeTarget "PitagorinTests" */ = {
			isa = XCConfigurationList;
			buildConfigurations = (
				456124E818EF058A006D2E3A /* Debug */,
				456124E918EF058A006D2E3A /* Release */,
			);
			defaultConfigurationIsVisible = 0;
			defaultConfigurationName = Release;
		};
/* End XCConfigurationList section */
	};
	rootObject = 456124B018EF058A006D2E3A /* Project object */;
}
